# generated by rye
# use `rye lock` or `rye sync` to update this lockfile
#
# last locked with the following flags:
#   pre: false
#   features: []
#   all-features: false
#   with-sources: false
#   generate-hashes: false
#   universal: false

-e file:.
alembic==1.16.1
    # via backend
annotated-types==0.7.0
    # via pydantic
anyio==4.9.0
    # via starlette
asyncpg==0.30.0
    # via backend
click==8.2.1
    # via uvicorn
debugpy==1.8.14
    # via backend
dotenv==0.9.9
    # via backend
fastapi==0.115.12
    # via backend
greenlet==3.2.3
    # via sqlalchemy
h11==0.16.0
    # via uvicorn
idna==3.10
    # via anyio
mako==1.3.10
    # via alembic
markupsafe==3.0.2
    # via mako
pydantic==2.11.5
    # via fastapi
pydantic-core==2.33.2
    # via pydantic
python-dotenv==1.1.0
    # via dotenv
sniffio==1.3.1
    # via anyio
sqlalchemy==2.0.41
    # via alembic
    # via backend
starlette==0.46.2
    # via fastapi
typing-extensions==4.14.0
    # via alembic
    # via anyio
    # via fastapi
    # via pydantic
    # via pydantic-core
    # via sqlalchemy
    # via typing-inspection
typing-inspection==0.4.1
    # via pydantic
uvicorn==0.34.3
    # via backend
